{
    "name": "mindpost",
    "version": "1.0.0",
    "lockfileVersion": 1,
    "requires": true,
    "dependencies": {
        "@alexmtur/one-class": {
            "version": "3.2.1",
            "resolved": "https://registry.npmjs.org/@alexmtur/one-class/-/one-class-3.2.1.tgz",
            "integrity": "sha512-xwV4dc/36zmzANj6cigZYdPhomCDF9Vs18nKsmPkljpEO8tklhIyUkrKn0E5d4ce4/vUb4eJ1uV2jw659VGyvg==",
            "requires": {
                "@alexmtur/one-style": "3.0.2",
                "@polymer/lit-element": "0.4.0",
                "@polymer/polymer": "3.0.5",
                "web-animations-js": "2.3.1"
            }
        },
        "@alexmtur/one-style": {
            "version": "3.0.2",
            "resolved": "https://registry.npmjs.org/@alexmtur/one-style/-/one-style-3.0.2.tgz",
            "integrity": "sha512-HOviDRzBSbPvLGbJ1Vcc+lnLdV3MbkSNC6M+ZppAUTq93bn4q5Z5QsICK7c3N5fpR5cpQ9bVl7+WI38YYAAK7g=="
        },
        "@polymer/lit-element": {
            "version": "0.4.0",
            "resolved": "https://registry.npmjs.org/@polymer/lit-element/-/lit-element-0.4.0.tgz",
            "integrity": "sha512-fDnr66sBW2FtNAueCfk6YCw6D63ai8p3mutVCD/phrlWlbI34wliAAZWC7/5PfZYNUaGaEg65jEVyf/UeNE4Gg==",
            "requires": {
                "@polymer/polymer": "3.0.5",
                "lit-html": "0.9.0"
            }
        },
        "@polymer/polymer": {
            "version": "3.0.5",
            "resolved": "https://registry.npmjs.org/@polymer/polymer/-/polymer-3.0.5.tgz",
            "integrity": "sha512-Zbmhtr5vZ3NoHWwFYLKI4ff7yfE6DZopI8vaS7HvmUIuNqsv/EpEDXfNEYjqePQmkMX5LU9OIKV1eX/+9aveow==",
            "requires": {
                "@webcomponents/shadycss": "1.5.0"
            }
        },
        "@webcomponents/shadycss": {
            "version": "1.5.0",
            "resolved": "https://registry.npmjs.org/@webcomponents/shadycss/-/shadycss-1.5.0.tgz",
            "integrity": "sha512-jNuC7alo3EfiqZPosCruJuMAaUI9qgiuGxFcFyPWjOpo4BP+vgC7hxpTzQYxbIWUgrqkn9lnfPup2hE9c/h/PQ=="
        },
        "lit-html": {
            "version": "0.9.0",
            "resolved": "https://registry.npmjs.org/lit-html/-/lit-html-0.9.0.tgz",
            "integrity": "sha512-j0W8WNcf/VRsC+vxeZwgh4KfztQ2gqLF5a80G85qdffnKQ0yTC2IQpU3FRmFjRdRTezvszb1rGMm7jScMc2Mog=="
        },
        "web-animations-js": {
            "version": "2.3.1",
            "resolved": "https://registry.npmjs.org/web-animations-js/-/web-animations-js-2.3.1.tgz",
            "integrity": "sha1-Om2bwVGWN3qQ+OKAP6UmIWWwRRA="
        }
    }
}
